
Microsoft Visual Studio Solution File, Format Version 12.00
# Visual Studio Version 16
VisualStudioVersion = 16.0.31229.75
MinimumVisualStudioVersion = 10.0.40219.1
Project("{8BC9CEB8-8B4A-11D0-8D11-00A0C91BC942}") = "chapter01", "chapter01\chapter01.vcxproj", "{26BEB12A-3573-4E03-96D6-4F9763DF3F52}"
EndProject
Project("{8BC9CEB8-8B4A-11D0-8D11-00A0C91BC942}") = "chapter02", "chapter02\chapter02.vcxproj", "{C0AB7248-7F0A-476F-B43A-E5AF286505E4}"
EndProject
Project("{8BC9CEB8-8B4A-11D0-8D11-00A0C91BC942}") = "chapter03", "chapter03\chapter03.vcxproj", "{AF3A3501-50AF-4466-A08D-F11C6E290339}"
EndProject
Project("{8BC9CEB8-8B4A-11D0-8D11-00A0C91BC942}") = "chapter04", "chapter04\chapter04.vcxproj", "{6B37AC6B-B2F0-4D4C-AEDA-1F4B41726A0E}"
EndProject
Project("{8BC9CEB8-8B4A-11D0-8D11-00A0C91BC942}") = "chapter05", "chapter05\chapter05.vcxproj", "{09694589-1A6F-441F-ABC5-DE2A23985609}"
EndProject
Project("{8BC9CEB8-8B4A-11D0-8D11-00A0C91BC942}") = "chapter09ThreadPool", "chapter09ThreadPool\chapter09ThreadPool.vcxproj", "{CCF7C2E0-F6AA-4D4E-98B4-37DB4ADBCAE6}"
EndProject
Global
	GlobalSection(SolutionConfigurationPlatforms) = preSolution
		Debug|x64 = Debug|x64
		Debug|x86 = Debug|x86
		Release|x64 = Release|x64
		Release|x86 = Release|x86
	EndGlobalSection
	GlobalSection(ProjectConfigurationPlatforms) = postSolution
		{26BEB12A-3573-4E03-96D6-4F9763DF3F52}.Debug|x64.ActiveCfg = Debug|x64
		{26BEB12A-3573-4E03-96D6-4F9763DF3F52}.Debug|x64.Build.0 = Debug|x64
		{26BEB12A-3573-4E03-96D6-4F9763DF3F52}.Debug|x86.ActiveCfg = Debug|Win32
		{26BEB12A-3573-4E03-96D6-4F9763DF3F52}.Debug|x86.Build.0 = Debug|Win32
		{26BEB12A-3573-4E03-96D6-4F9763DF3F52}.Release|x64.ActiveCfg = Release|x64
		{26BEB12A-3573-4E03-96D6-4F9763DF3F52}.Release|x64.Build.0 = Release|x64
		{26BEB12A-3573-4E03-96D6-4F9763DF3F52}.Release|x86.ActiveCfg = Release|Win32
		{26BEB12A-3573-4E03-96D6-4F9763DF3F52}.Release|x86.Build.0 = Release|Win32
		{C0AB7248-7F0A-476F-B43A-E5AF286505E4}.Debug|x64.ActiveCfg = Debug|x64
		{C0AB7248-7F0A-476F-B43A-E5AF286505E4}.Debug|x64.Build.0 = Debug|x64
		{C0AB7248-7F0A-476F-B43A-E5AF286505E4}.Debug|x86.ActiveCfg = Debug|Win32
		{C0AB7248-7F0A-476F-B43A-E5AF286505E4}.Debug|x86.Build.0 = Debug|Win32
		{C0AB7248-7F0A-476F-B43A-E5AF286505E4}.Release|x64.ActiveCfg = Release|x64
		{C0AB7248-7F0A-476F-B43A-E5AF286505E4}.Release|x64.Build.0 = Release|x64
		{C0AB7248-7F0A-476F-B43A-E5AF286505E4}.Release|x86.ActiveCfg = Release|Win32
		{C0AB7248-7F0A-476F-B43A-E5AF286505E4}.Release|x86.Build.0 = Release|Win32
		{AF3A3501-50AF-4466-A08D-F11C6E290339}.Debug|x64.ActiveCfg = Debug|x64
		{AF3A3501-50AF-4466-A08D-F11C6E290339}.Debug|x64.Build.0 = Debug|x64
		{AF3A3501-50AF-4466-A08D-F11C6E290339}.Debug|x86.ActiveCfg = Debug|Win32
		{AF3A3501-50AF-4466-A08D-F11C6E290339}.Debug|x86.Build.0 = Debug|Win32
		{AF3A3501-50AF-4466-A08D-F11C6E290339}.Release|x64.ActiveCfg = Release|x64
		{AF3A3501-50AF-4466-A08D-F11C6E290339}.Release|x64.Build.0 = Release|x64
		{AF3A3501-50AF-4466-A08D-F11C6E290339}.Release|x86.ActiveCfg = Release|Win32
		{AF3A3501-50AF-4466-A08D-F11C6E290339}.Release|x86.Build.0 = Release|Win32
		{6B37AC6B-B2F0-4D4C-AEDA-1F4B41726A0E}.Debug|x64.ActiveCfg = Debug|x64
		{6B37AC6B-B2F0-4D4C-AEDA-1F4B41726A0E}.Debug|x64.Build.0 = Debug|x64
		{6B37AC6B-B2F0-4D4C-AEDA-1F4B41726A0E}.Debug|x86.ActiveCfg = Debug|Win32
		{6B37AC6B-B2F0-4D4C-AEDA-1F4B41726A0E}.Debug|x86.Build.0 = Debug|Win32
		{6B37AC6B-B2F0-4D4C-AEDA-1F4B41726A0E}.Release|x64.ActiveCfg = Release|x64
		{6B37AC6B-B2F0-4D4C-AEDA-1F4B41726A0E}.Release|x64.Build.0 = Release|x64
		{6B37AC6B-B2F0-4D4C-AEDA-1F4B41726A0E}.Release|x86.ActiveCfg = Release|Win32
		{6B37AC6B-B2F0-4D4C-AEDA-1F4B41726A0E}.Release|x86.Build.0 = Release|Win32
		{09694589-1A6F-441F-ABC5-DE2A23985609}.Debug|x64.ActiveCfg = Debug|x64
		{09694589-1A6F-441F-ABC5-DE2A23985609}.Debug|x64.Build.0 = Debug|x64
		{09694589-1A6F-441F-ABC5-DE2A23985609}.Debug|x86.ActiveCfg = Debug|Win32
		{09694589-1A6F-441F-ABC5-DE2A23985609}.Debug|x86.Build.0 = Debug|Win32
		{09694589-1A6F-441F-ABC5-DE2A23985609}.Release|x64.ActiveCfg = Release|x64
		{09694589-1A6F-441F-ABC5-DE2A23985609}.Release|x64.Build.0 = Release|x64
		{09694589-1A6F-441F-ABC5-DE2A23985609}.Release|x86.ActiveCfg = Release|Win32
		{09694589-1A6F-441F-ABC5-DE2A23985609}.Release|x86.Build.0 = Release|Win32
		{CCF7C2E0-F6AA-4D4E-98B4-37DB4ADBCAE6}.Debug|x64.ActiveCfg = Debug|x64
		{CCF7C2E0-F6AA-4D4E-98B4-37DB4ADBCAE6}.Debug|x64.Build.0 = Debug|x64
		{CCF7C2E0-F6AA-4D4E-98B4-37DB4ADBCAE6}.Debug|x86.ActiveCfg = Debug|Win32
		{CCF7C2E0-F6AA-4D4E-98B4-37DB4ADBCAE6}.Debug|x86.Build.0 = Debug|Win32
		{CCF7C2E0-F6AA-4D4E-98B4-37DB4ADBCAE6}.Release|x64.ActiveCfg = Release|x64
		{CCF7C2E0-F6AA-4D4E-98B4-37DB4ADBCAE6}.Release|x64.Build.0 = Release|x64
		{CCF7C2E0-F6AA-4D4E-98B4-37DB4ADBCAE6}.Release|x86.ActiveCfg = Release|Win32
		{CCF7C2E0-F6AA-4D4E-98B4-37DB4ADBCAE6}.Release|x86.Build.0 = Release|Win32
	EndGlobalSection
	GlobalSection(SolutionProperties) = preSolution
		HideSolutionNode = FALSE
	EndGlobalSection
	GlobalSection(ExtensibilityGlobals) = postSolution
		SolutionGuid = {91C8B1BB-5BC2-457A-BF4D-2857E3EBE4E9}
	EndGlobalSection
EndGlobal
